
Microsoft Visual Studio Solution File, Format Version 12.00
Project("{2150E333-8FDC-42A3-9474-1A3956D46DE8}") = "src", "src", "{673E4BA0-1C62-4D43-9BE5-E967C5A61B71}"
EndProject
Project("{2150E333-8FDC-42A3-9474-1A3956D46DE8}") = "Solution Items", "Solution Items", "{3ED86A73-C8B1-4CF5-BF01-CEA71E0CA07A}"
	ProjectSection(SolutionItems) = preProject
		Directory.Build.props = Directory.Build.props
		Directory.Packages.props = Directory.Packages.props
		global.json = global.json
		NuGet.config = NuGet.config
		.gitignore = .gitignore
	EndProjectSection
EndProject
Project("{FAE04EC0-301F-11D3-BF4B-00C04F79EFBC}") = "Domain", "Domain\Domain.csproj", "{538BEA5D-5981-4666-A028-99CDD6A6F8D9}"
EndProject
Global
	GlobalSection(SolutionConfigurationPlatforms) = preSolution
		Debug|Any CPU = Debug|Any CPU
		Release|Any CPU = Release|Any CPU
	EndGlobalSection
	GlobalSection(NestedProjects) = preSolution
		{538BEA5D-5981-4666-A028-99CDD6A6F8D9} = {673E4BA0-1C62-4D43-9BE5-E967C5A61B71}
	EndGlobalSection
	GlobalSection(ProjectConfigurationPlatforms) = postSolution
		{538BEA5D-5981-4666-A028-99CDD6A6F8D9}.Debug|Any CPU.ActiveCfg = Debug|Any CPU
		{538BEA5D-5981-4666-A028-99CDD6A6F8D9}.Debug|Any CPU.Build.0 = Debug|Any CPU
		{538BEA5D-5981-4666-A028-99CDD6A6F8D9}.Release|Any CPU.ActiveCfg = Release|Any CPU
		{538BEA5D-5981-4666-A028-99CDD6A6F8D9}.Release|Any CPU.Build.0 = Release|Any CPU
	EndGlobalSection
EndGlobal
